
Microsoft Visual Studio Solution File, Format Version 12.00
# Visual Studio Version 17
VisualStudioVersion = 17.5.002.0
MinimumVisualStudioVersion = 10.0.40219.1
Project("{2150E333-8FDC-42A3-9474-1A3956D46DE8}") = "src", "src", "{FD23246D-28A5-433E-99E3-72672338DD5C}"
EndProject
Project("{9A19103F-16F7-4668-BE54-9A1E7A4F7556}") = "order-processor", "src\order-processor\order-processor.csproj", "{575AAE46-78E0-4D95-BC16-55DD9190A7C6}"
EndProject
Project("{9A19103F-16F7-4668-BE54-9A1E7A4F7556}") = "checkout", "src\checkout\checkout.csproj", "{76322F2B-36CC-42BA-BF45-DE171D25CCC9}"
EndProject
Global
	GlobalSection(SolutionConfigurationPlatforms) = preSolution
		Debug|Any CPU = Debug|Any CPU
		Release|Any CPU = Release|Any CPU
	EndGlobalSection
	GlobalSection(ProjectConfigurationPlatforms) = postSolution
		{575AAE46-78E0-4D95-BC16-55DD9190A7C6}.Debug|Any CPU.ActiveCfg = Debug|Any CPU
		{575AAE46-78E0-4D95-BC16-55DD9190A7C6}.Debug|Any CPU.Build.0 = Debug|Any CPU
		{575AAE46-78E0-4D95-BC16-55DD9190A7C6}.Release|Any CPU.ActiveCfg = Release|Any CPU
		{575AAE46-78E0-4D95-BC16-55DD9190A7C6}.Release|Any CPU.Build.0 = Release|Any CPU
		{76322F2B-36CC-42BA-BF45-DE171D25CCC9}.Debug|Any CPU.ActiveCfg = Debug|Any CPU
		{76322F2B-36CC-42BA-BF45-DE171D25CCC9}.Debug|Any CPU.Build.0 = Debug|Any CPU
		{76322F2B-36CC-42BA-BF45-DE171D25CCC9}.Release|Any CPU.ActiveCfg = Release|Any CPU
		{76322F2B-36CC-42BA-BF45-DE171D25CCC9}.Release|Any CPU.Build.0 = Release|Any CPU
	EndGlobalSection
	GlobalSection(SolutionProperties) = preSolution
		HideSolutionNode = FALSE
	EndGlobalSection
	GlobalSection(NestedProjects) = preSolution
		{575AAE46-78E0-4D95-BC16-55DD9190A7C6} = {FD23246D-28A5-433E-99E3-72672338DD5C}
		{76322F2B-36CC-42BA-BF45-DE171D25CCC9} = {FD23246D-28A5-433E-99E3-72672338DD5C}
	EndGlobalSection
	GlobalSection(ExtensibilityGlobals) = postSolution
		SolutionGuid = {A5D1B5BB-3ECD-4480-B41F-B0E6BA89ECA3}
	EndGlobalSection
EndGlobal
